{
  "name": "semantic-web-lsp-server",
  "version": "1.0.0",
  "lockfileVersion": 3,
  "requires": true,
  "packages": {
    "": {
      "name": "semantic-web-lsp-server",
      "version": "1.0.0",
      "license": "MIT",
      "dependencies": {
        "swls-wasm": "^0.3.1"
      },
      "engines": {
        "node": "*"
      }
    },
    "node_modules/swls-wasm": {
      "version": "0.3.1",
      "resolved": "https://registry.npmjs.org/swls-wasm/-/swls-wasm-0.3.1.tgz",
      "integrity": "sha512-HDYg3euyEYShZINGscoodKqyK4eyTxJ6PviCCv055Rtfe6+8l4iojPuZMriGcB2hs26RFsKTUSD6t1691VtnQA=="
    }
  }
}
