{
  "name": "semantic-web-lsp-server",
  "version": "1.0.0",
  "lockfileVersion": 3,
  "requires": true,
  "packages": {
    "": {
      "name": "semantic-web-lsp-server",
      "version": "1.0.0",
      "license": "MIT",
      "dependencies": {
        "swls-wasm": "^0.3.4"
      },
      "engines": {
        "node": "*"
      }
    },
    "node_modules/swls-wasm": {
      "version": "0.3.4",
      "resolved": "https://registry.npmjs.org/swls-wasm/-/swls-wasm-0.3.4.tgz",
      "integrity": "sha512-asluLwN1cDhq3x9T69IPduFY4B5gZwi4e5yPjDAzGj2N4PxnOeyLf4HrRMyRc46ESDagdLo304CLLKAnfHYKAw=="
    }
  }
}
