{
  "name": "semantic-web-lsp-server",
  "version": "1.0.0",
  "lockfileVersion": 3,
  "requires": true,
  "packages": {
    "": {
      "name": "semantic-web-lsp-server",
      "version": "1.0.0",
      "license": "MIT",
      "dependencies": {
        "swls-wasm": "^0.2.13-alhpa.2"
      },
      "engines": {
        "node": "*"
      }
    },
    "node_modules/swls-wasm": {
      "version": "0.2.13-alpha.1",
      "resolved": "https://registry.npmjs.org/swls-wasm/-/swls-wasm-0.2.13-alpha.1.tgz",
      "integrity": "sha512-3oQ0ElGuJMYV9p8PCOCM/rEmrWD1Neo6mJgyuuzZ023oe4cSUyALdn3AVXxruON0gkLhQDFYvkiG9YPKTCXQ3Q=="
    }
  }
}
